Microsoft Visual Studio Solution File, Format Version 11.00
# Visual Studio 2008

Project("{4A38380B-70A8-610B-D15D-CD80C1C8A363}") = "Unity Neat", "Assembly-CSharp.csproj", "{F715E6DD-7349-51FD-451C-58DB00548FD2}"
EndProject
Global
	GlobalSection(SolutionConfigurationPlatforms) = preSolution
		Debug|Any CPU = Debug|Any CPU
		Release|Any CPU = Release|Any CPU
	EndGlobalSection
	GlobalSection(ProjectConfigurationPlatforms) = postSolution
		{F715E6DD-7349-51FD-451C-58DB00548FD2}.Debug|Any CPU.ActiveCfg = Debug|Any CPU
		{F715E6DD-7349-51FD-451C-58DB00548FD2}.Debug|Any CPU.Build.0 = Debug|Any CPU
		{F715E6DD-7349-51FD-451C-58DB00548FD2}.Release|Any CPU.ActiveCfg = Release|Any CPU
		{F715E6DD-7349-51FD-451C-58DB00548FD2}.Release|Any CPU.Build.0 = Release|Any CPU
	EndGlobalSection
	GlobalSection(SolutionProperties) = preSolution
		HideSolutionNode = FALSE
	EndGlobalSection
	GlobalSection(MonoDevelopProperties) = preSolution
		StartupItem = Assembly-CSharp.csproj
	EndGlobalSection
EndGlobal
